
Microsoft Visual Studio Solution File, Format Version 12.00
# Visual Studio Version 17
VisualStudioVersion = 17.0.31903.59
MinimumVisualStudioVersion = 10.0.40219.1
Project("{2150E333-8FDC-42A3-9474-1A3956D46DE8}") = "apps", "apps", "{1787FE1D-075E-9E68-7218-25F1BD1BBEAB}"
EndProject
Project("{2150E333-8FDC-42A3-9474-1A3956D46DE8}") = "counterstrikesharp", "counterstrikesharp", "{7D0EF178-B40A-8254-92EC-BBDDDD1B716A}"
EndProject
Project("{2150E333-8FDC-42A3-9474-1A3956D46DE8}") = "src", "src", "{4F0584C0-D00C-D30D-486B-7B3C6B1C5BA8}"
EndProject
Project("{FAE04EC0-301F-11D3-BF4B-00C04F79EFBC}") = "FiveStack", "apps\counterstrikesharp\src\FiveStack.csproj", "{6B109535-87E6-4A80-84C7-BB70B9EADBD9}"
EndProject
Project("{2150E333-8FDC-42A3-9474-1A3956D46DE8}") = "swiftly", "swiftly", "{3AE66ABB-E1E0-F8CE-025B-3DE40F5A8E41}"
EndProject
Project("{2150E333-8FDC-42A3-9474-1A3956D46DE8}") = "src", "src", "{0CC2E62D-FAFA-6EC9-F250-DE74EC537044}"
EndProject
Project("{FAE04EC0-301F-11D3-BF4B-00C04F79EFBC}") = "FiveStack", "apps\swiftly\src\FiveStack.csproj", "{F8A6B88F-3606-414B-AC30-63F9FD2AE5B7}"
EndProject
Project("{2150E333-8FDC-42A3-9474-1A3956D46DE8}") = "test", "test", "{DBE142A0-22E2-B003-5EB2-D7DEEB405156}"
EndProject
Project("{FAE04EC0-301F-11D3-BF4B-00C04F79EFBC}") = "FiveStack.Tests", "apps\swiftly\test\FiveStack.Tests.csproj", "{AFA38A0E-6497-4822-9FD7-43C96FAE658C}"
EndProject
Project("{2150E333-8FDC-42A3-9474-1A3956D46DE8}") = "test", "test", "{F7607F84-A084-CCDF-99B5-B00F006F6845}"
EndProject
Project("{FAE04EC0-301F-11D3-BF4B-00C04F79EFBC}") = "FiveStack.Tests", "apps\counterstrikesharp\test\FiveStack.Tests.csproj", "{8A2C004D-559D-48A1-B6C5-DCDF09E5B194}"
EndProject
Global
	GlobalSection(SolutionConfigurationPlatforms) = preSolution
		Debug|Any CPU = Debug|Any CPU
		Debug|x64 = Debug|x64
		Debug|x86 = Debug|x86
		Release|Any CPU = Release|Any CPU
		Release|x64 = Release|x64
		Release|x86 = Release|x86
	EndGlobalSection
	GlobalSection(ProjectConfigurationPlatforms) = postSolution
		{6B109535-87E6-4A80-84C7-BB70B9EADBD9}.Debug|Any CPU.ActiveCfg = Debug|Any CPU
		{6B109535-87E6-4A80-84C7-BB70B9EADBD9}.Debug|Any CPU.Build.0 = Debug|Any CPU
		{6B109535-87E6-4A80-84C7-BB70B9EADBD9}.Debug|x64.ActiveCfg = Debug|Any CPU
		{6B109535-87E6-4A80-84C7-BB70B9EADBD9}.Debug|x64.Build.0 = Debug|Any CPU
		{6B109535-87E6-4A80-84C7-BB70B9EADBD9}.Debug|x86.ActiveCfg = Debug|Any CPU
		{6B109535-87E6-4A80-84C7-BB70B9EADBD9}.Debug|x86.Build.0 = Debug|Any CPU
		{6B109535-87E6-4A80-84C7-BB70B9EADBD9}.Release|Any CPU.ActiveCfg = Release|Any CPU
		{6B109535-87E6-4A80-84C7-BB70B9EADBD9}.Release|Any CPU.Build.0 = Release|Any CPU
		{6B109535-87E6-4A80-84C7-BB70B9EADBD9}.Release|x64.ActiveCfg = Release|Any CPU
		{6B109535-87E6-4A80-84C7-BB70B9EADBD9}.Release|x64.Build.0 = Release|Any CPU
		{6B109535-87E6-4A80-84C7-BB70B9EADBD9}.Release|x86.ActiveCfg = Release|Any CPU
		{6B109535-87E6-4A80-84C7-BB70B9EADBD9}.Release|x86.Build.0 = Release|Any CPU
		{F8A6B88F-3606-414B-AC30-63F9FD2AE5B7}.Debug|Any CPU.ActiveCfg = Debug|Any CPU
		{F8A6B88F-3606-414B-AC30-63F9FD2AE5B7}.Debug|Any CPU.Build.0 = Debug|Any CPU
		{F8A6B88F-3606-414B-AC30-63F9FD2AE5B7}.Debug|x64.ActiveCfg = Debug|Any CPU
		{F8A6B88F-3606-414B-AC30-63F9FD2AE5B7}.Debug|x64.Build.0 = Debug|Any CPU
		{F8A6B88F-3606-414B-AC30-63F9FD2AE5B7}.Debug|x86.ActiveCfg = Debug|Any CPU
		{F8A6B88F-3606-414B-AC30-63F9FD2AE5B7}.Debug|x86.Build.0 = Debug|Any CPU
		{F8A6B88F-3606-414B-AC30-63F9FD2AE5B7}.Release|Any CPU.ActiveCfg = Release|Any CPU
		{F8A6B88F-3606-414B-AC30-63F9FD2AE5B7}.Release|Any CPU.Build.0 = Release|Any CPU
		{F8A6B88F-3606-414B-AC30-63F9FD2AE5B7}.Release|x64.ActiveCfg = Release|Any CPU
		{F8A6B88F-3606-414B-AC30-63F9FD2AE5B7}.Release|x64.Build.0 = Release|Any CPU
		{F8A6B88F-3606-414B-AC30-63F9FD2AE5B7}.Release|x86.ActiveCfg = Release|Any CPU
		{F8A6B88F-3606-414B-AC30-63F9FD2AE5B7}.Release|x86.Build.0 = Release|Any CPU
		{AFA38A0E-6497-4822-9FD7-43C96FAE658C}.Debug|Any CPU.ActiveCfg = Debug|Any CPU
		{AFA38A0E-6497-4822-9FD7-43C96FAE658C}.Debug|Any CPU.Build.0 = Debug|Any CPU
		{AFA38A0E-6497-4822-9FD7-43C96FAE658C}.Debug|x64.ActiveCfg = Debug|Any CPU
		{AFA38A0E-6497-4822-9FD7-43C96FAE658C}.Debug|x64.Build.0 = Debug|Any CPU
		{AFA38A0E-6497-4822-9FD7-43C96FAE658C}.Debug|x86.ActiveCfg = Debug|Any CPU
		{AFA38A0E-6497-4822-9FD7-43C96FAE658C}.Debug|x86.Build.0 = Debug|Any CPU
		{AFA38A0E-6497-4822-9FD7-43C96FAE658C}.Release|Any CPU.ActiveCfg = Release|Any CPU
		{AFA38A0E-6497-4822-9FD7-43C96FAE658C}.Release|Any CPU.Build.0 = Release|Any CPU
		{AFA38A0E-6497-4822-9FD7-43C96FAE658C}.Release|x64.ActiveCfg = Release|Any CPU
		{AFA38A0E-6497-4822-9FD7-43C96FAE658C}.Release|x64.Build.0 = Release|Any CPU
		{AFA38A0E-6497-4822-9FD7-43C96FAE658C}.Release|x86.ActiveCfg = Release|Any CPU
		{AFA38A0E-6497-4822-9FD7-43C96FAE658C}.Release|x86.Build.0 = Release|Any CPU
		{8A2C004D-559D-48A1-B6C5-DCDF09E5B194}.Debug|Any CPU.ActiveCfg = Debug|Any CPU
		{8A2C004D-559D-48A1-B6C5-DCDF09E5B194}.Debug|Any CPU.Build.0 = Debug|Any CPU
		{8A2C004D-559D-48A1-B6C5-DCDF09E5B194}.Debug|x64.ActiveCfg = Debug|Any CPU
		{8A2C004D-559D-48A1-B6C5-DCDF09E5B194}.Debug|x64.Build.0 = Debug|Any CPU
		{8A2C004D-559D-48A1-B6C5-DCDF09E5B194}.Debug|x86.ActiveCfg = Debug|Any CPU
		{8A2C004D-559D-48A1-B6C5-DCDF09E5B194}.Debug|x86.Build.0 = Debug|Any CPU
		{8A2C004D-559D-48A1-B6C5-DCDF09E5B194}.Release|Any CPU.ActiveCfg = Release|Any CPU
		{8A2C004D-559D-48A1-B6C5-DCDF09E5B194}.Release|Any CPU.Build.0 = Release|Any CPU
		{8A2C004D-559D-48A1-B6C5-DCDF09E5B194}.Release|x64.ActiveCfg = Release|Any CPU
		{8A2C004D-559D-48A1-B6C5-DCDF09E5B194}.Release|x64.Build.0 = Release|Any CPU
		{8A2C004D-559D-48A1-B6C5-DCDF09E5B194}.Release|x86.ActiveCfg = Release|Any CPU
		{8A2C004D-559D-48A1-B6C5-DCDF09E5B194}.Release|x86.Build.0 = Release|Any CPU
	EndGlobalSection
	GlobalSection(SolutionProperties) = preSolution
		HideSolutionNode = FALSE
	EndGlobalSection
	GlobalSection(NestedProjects) = preSolution
		{7D0EF178-B40A-8254-92EC-BBDDDD1B716A} = {1787FE1D-075E-9E68-7218-25F1BD1BBEAB}
		{4F0584C0-D00C-D30D-486B-7B3C6B1C5BA8} = {7D0EF178-B40A-8254-92EC-BBDDDD1B716A}
		{6B109535-87E6-4A80-84C7-BB70B9EADBD9} = {4F0584C0-D00C-D30D-486B-7B3C6B1C5BA8}
		{3AE66ABB-E1E0-F8CE-025B-3DE40F5A8E41} = {1787FE1D-075E-9E68-7218-25F1BD1BBEAB}
		{0CC2E62D-FAFA-6EC9-F250-DE74EC537044} = {3AE66ABB-E1E0-F8CE-025B-3DE40F5A8E41}
		{F8A6B88F-3606-414B-AC30-63F9FD2AE5B7} = {0CC2E62D-FAFA-6EC9-F250-DE74EC537044}
		{DBE142A0-22E2-B003-5EB2-D7DEEB405156} = {3AE66ABB-E1E0-F8CE-025B-3DE40F5A8E41}
		{AFA38A0E-6497-4822-9FD7-43C96FAE658C} = {DBE142A0-22E2-B003-5EB2-D7DEEB405156}
		{F7607F84-A084-CCDF-99B5-B00F006F6845} = {7D0EF178-B40A-8254-92EC-BBDDDD1B716A}
		{8A2C004D-559D-48A1-B6C5-DCDF09E5B194} = {F7607F84-A084-CCDF-99B5-B00F006F6845}
	EndGlobalSection
EndGlobal
