
Microsoft Visual Studio Solution File, Format Version 12.00
# Visual Studio Version 17
VisualStudioVersion = 17.5.002.0
MinimumVisualStudioVersion = 10.0.40219.1
Project("{9A19103F-16F7-4668-BE54-9A1E7A4F7556}") = "PlayCS", "src\PlayCS.csproj", "{16C4E78F-C6F1-467C-8EC8-F30C204F3713}"
EndProject
Global
	GlobalSection(SolutionConfigurationPlatforms) = preSolution
		Debug|Any CPU = Debug|Any CPU
		Release|Any CPU = Release|Any CPU
	EndGlobalSection
	GlobalSection(ProjectConfigurationPlatforms) = postSolution
		{16C4E78F-C6F1-467C-8EC8-F30C204F3713}.Debug|Any CPU.ActiveCfg = Debug|Any CPU
		{16C4E78F-C6F1-467C-8EC8-F30C204F3713}.Debug|Any CPU.Build.0 = Debug|Any CPU
		{16C4E78F-C6F1-467C-8EC8-F30C204F3713}.Release|Any CPU.ActiveCfg = Release|Any CPU
		{16C4E78F-C6F1-467C-8EC8-F30C204F3713}.Release|Any CPU.Build.0 = Release|Any CPU
	EndGlobalSection
	GlobalSection(SolutionProperties) = preSolution
		HideSolutionNode = FALSE
	EndGlobalSection
	GlobalSection(ExtensibilityGlobals) = postSolution
		SolutionGuid = {A4D1BE43-FBA7-46DE-A685-A56EAF5DB889}
	EndGlobalSection
EndGlobal
